<?xml version="1.0" encoding="UTF-8"?>
<!DOCTYPE plist PUBLIC "-//Apple//DTD PLIST 1.0//EN" "http://www.apple.com/DTDs/PropertyList-1.0.dtd">
<plist version="1.0">
<dict>
	<key>BuildNumber</key>
	<string>420000014</string>
	<key>BundleIdentifier</key>
	<string>com.barebones.bbedit</string>
	<key>HostIdentifier</key>
	<string>FB10A89B-9CA4-5FFA-A2E0-2109B227EE3A</string>
	<key>HostName</key>
	<string>argent</string>
	<key>LockDate</key>
	<date>2024-05-23T13:16:21Z</date>
	<key>LockID</key>
	<string>75870432-F191-461D-A83C-2F75FB392179</string>
	<key>MarketingVersion</key>
	<string>15.1</string>
	<key>NetworkVolume</key>
	<false/>
	<key>ProcessIdentifier</key>
	<integer>14091</integer>
	<key>UserName</key>
	<string>jj</string>
	<key>Version</key>
	<integer>3</integer>
	<key>VolumeIdentifier</key>
	<string>6B68D4BF-0397-4081-915D-4A2FD54E3ACC</string>
</dict>
</plist>
